{
  "name": "zen-parser",
  "version": "1.0.0",
  "lockfileVersion": 2,
  "requires": true,
  "packages": {
    "": {
      "name": "zen-parser",
      "version": "1.0.0",
      "dependencies": {
        "exceljs": "^4.4.0",
        "puppeteer": "^21.0.0"
      }
    },
    "node_modules/exceljs": {
      "version": "4.4.0",
      "resolved": "https://registry.npmjs.org/exceljs/-/exceljs-4.4.0.tgz",
      "integrity": "sha512-9TBFHSE/l0Q0b8UyYnKDrX2if5Ege14lVdYY1P1n6R5hI8WnEmVi6l7nq6Z8z8pQFRJYOW7M0Vc8kK2g9VxE1w=="
    },
    "node_modules/puppeteer": {
      "version": "21.0.0",
      "resolved": "https://registry.npmjs.org/puppeteer/-/puppeteer-21.0.0.tgz",
      "integrity": "sha512-nmJe2abJZbV1Dp8E0JUTnbJZONxR1oMHYwbgJFAK6JTEh57n2e7+JpOZR7fS6W2Lf+2zJ1dOQ5N5N5v5b5v5b5w=="
    }
  }
}